
Microsoft Visual Studio Solution File, Format Version 12.00
# Visual Studio Version 16
VisualStudioVersion = 16.0.29509.3
MinimumVisualStudioVersion = 10.0.40219.1
Project("{FAE04EC0-301F-11D3-BF4B-00C04F79EFBC}") = "APICSV", "APICSV\APICSV.csproj", "{AB8B619F-13DE-40DE-83C7-24899D20F1A9}"
EndProject
Project("{FAE04EC0-301F-11D3-BF4B-00C04F79EFBC}") = "Models", "Models\Models.csproj", "{ED012305-A5E1-402F-8942-16EC97F87008}"
EndProject
Project("{FAE04EC0-301F-11D3-BF4B-00C04F79EFBC}") = "HelperService", "HelperService\HelperService.csproj", "{BD963E98-A004-430E-B308-54DA3E96400A}"
EndProject
Global
	GlobalSection(SolutionConfigurationPlatforms) = preSolution
		Debug|Any CPU = Debug|Any CPU
		Release|Any CPU = Release|Any CPU
	EndGlobalSection
	GlobalSection(ProjectConfigurationPlatforms) = postSolution
		{AB8B619F-13DE-40DE-83C7-24899D20F1A9}.Debug|Any CPU.ActiveCfg = Debug|Any CPU
		{AB8B619F-13DE-40DE-83C7-24899D20F1A9}.Debug|Any CPU.Build.0 = Debug|Any CPU
		{AB8B619F-13DE-40DE-83C7-24899D20F1A9}.Release|Any CPU.ActiveCfg = Release|Any CPU
		{AB8B619F-13DE-40DE-83C7-24899D20F1A9}.Release|Any CPU.Build.0 = Release|Any CPU
		{ED012305-A5E1-402F-8942-16EC97F87008}.Debug|Any CPU.ActiveCfg = Debug|Any CPU
		{ED012305-A5E1-402F-8942-16EC97F87008}.Debug|Any CPU.Build.0 = Debug|Any CPU
		{ED012305-A5E1-402F-8942-16EC97F87008}.Release|Any CPU.ActiveCfg = Release|Any CPU
		{ED012305-A5E1-402F-8942-16EC97F87008}.Release|Any CPU.Build.0 = Release|Any CPU
		{BD963E98-A004-430E-B308-54DA3E96400A}.Debug|Any CPU.ActiveCfg = Debug|Any CPU
		{BD963E98-A004-430E-B308-54DA3E96400A}.Debug|Any CPU.Build.0 = Debug|Any CPU
		{BD963E98-A004-430E-B308-54DA3E96400A}.Release|Any CPU.ActiveCfg = Release|Any CPU
		{BD963E98-A004-430E-B308-54DA3E96400A}.Release|Any CPU.Build.0 = Release|Any CPU
	EndGlobalSection
	GlobalSection(SolutionProperties) = preSolution
		HideSolutionNode = FALSE
	EndGlobalSection
	GlobalSection(ExtensibilityGlobals) = postSolution
		SolutionGuid = {2D9D4E49-929B-470A-BFCA-DF4CC9A7E67C}
	EndGlobalSection
EndGlobal
